
Microsoft Visual Studio Solution File, Format Version 12.00
# Visual Studio Version 16
VisualStudioVersion = 16.0.30503.244
MinimumVisualStudioVersion = 10.0.40219.1
Project("{FAE04EC0-301F-11D3-BF4B-00C04F79EFBC}") = "BankLibrary", "BankLibrary.csproj", "{BBF28B9B-493A-4CB5-AD7F-48557CEECC7F}"
EndProject
Global
	GlobalSection(SolutionConfigurationPlatforms) = preSolution
		Debug|Any CPU = Debug|Any CPU
		Release|Any CPU = Release|Any CPU
	EndGlobalSection
	GlobalSection(ProjectConfigurationPlatforms) = postSolution
		{BBF28B9B-493A-4CB5-AD7F-48557CEECC7F}.Debug|Any CPU.ActiveCfg = Debug|Any CPU
		{BBF28B9B-493A-4CB5-AD7F-48557CEECC7F}.Debug|Any CPU.Build.0 = Debug|Any CPU
		{BBF28B9B-493A-4CB5-AD7F-48557CEECC7F}.Release|Any CPU.ActiveCfg = Release|Any CPU
		{BBF28B9B-493A-4CB5-AD7F-48557CEECC7F}.Release|Any CPU.Build.0 = Release|Any CPU
	EndGlobalSection
	GlobalSection(SolutionProperties) = preSolution
		HideSolutionNode = FALSE
	EndGlobalSection
	GlobalSection(ExtensibilityGlobals) = postSolution
		SolutionGuid = {00D7FB90-AF10-4C17-9E93-03C6130BF02F}
	EndGlobalSection
EndGlobal
